// !$*UTF8*$!
{
	archiveVersion = 1;
	classes = {
	};
	objectVersion = 55;
	objects = {

/* Begin PBXBuildFile section */
		72B9768B2881E3D10048CC00 /* SwiftLesson01App.swift in Sources */ = {isa = PBXBuildFile; fileRef = 72B9768A2881E3D10048CC00 /* SwiftLesson01App.swift */; };
		72B9768D2881E3D10048CC00 /* ContentView.swift in Sources */ = {isa = PBXBuildFile; fileRef = 72B9768C2881E3D10048CC00 /* ContentView.swift */; };
		72B9768F2881E3D70048CC00 /* Assets.xcassets in Resources */ = {isa = PBXBuildFile; fileRef = 72B9768E2881E3D70048CC00 /* Assets.xcassets */; };
		72B976922881E3D70048CC00 /* Preview Assets.xcassets in Resources */ = {isa = PBXBuildFile; fileRef = 72B976912881E3D70048CC00 /* Preview Assets.xcassets */; };
		72B9769C2881E3D70048CC00 /* SwiftLesson01Tests.swift in Sources */ = {isa = PBXBuildFile; fileRef = 72B9769B2881E3D70048CC00 /* SwiftLesson01Tests.swift */; };
		72B976A62881E3D70048CC00 /* SwiftLesson01UITests.swift in Sources */ = {isa = PBXBuildFile; fileRef = 72B976A52881E3D70048CC00 /* SwiftLesson01UITests.swift */; };
		72B976A82881E3D70048CC00 /* SwiftLesson01UITestsLaunchTests.swift in Sources */ = {isa = PBXBuildFile; fileRef = 72B976A72881E3D70048CC00 /* SwiftLesson01UITestsLaunchTests.swift */; };
/* End PBXBuildFile section */

/* Begin PBXContainerItemProxy section */
		72B976982881E3D70048CC00 /* PBXContainerItemProxy */ = {
			isa = PBXContainerItemProxy;
			containerPortal = 72B9767F2881E3D10048CC00 /* Project object */;
			proxyType = 1;
			remoteGlobalIDString = 72B976862881E3D10048CC00;
			remoteInfo = SwiftLesson01;
		};
		72B976A22881E3D70048CC00 /* PBXContainerItemProxy */ = {
			isa = PBXContainerItemProxy;
			containerPortal = 72B9767F2881E3D10048CC00 /* Project object */;
			proxyType = 1;
			remoteGlobalIDString = 72B976862881E3D10048CC00;
			remoteInfo = SwiftLesson01;
		};
/* End PBXContainerItemProxy section */

/* Begin PBXFileReference section */
		72B976872881E3D10048CC00 /* SwiftLesson01.app */ = {isa = PBXFileReference; explicitFileType = wrapper.application; includeInIndex = 0; path = SwiftLesson01.app; sourceTree = BUILT_PRODUCTS_DIR; };
		72B9768A2881E3D10048CC00 /* SwiftLesson01App.swift */ = {isa = PBXFileReference; lastKnownFileType = sourcecode.swift; path = SwiftLesson01App.swift; sourceTree = "<group>"; };
		72B9768C2881E3D10048CC00 /* ContentView.swift */ = {isa = PBXFileReference; lastKnownFileType = sourcecode.swift; path = ContentView.swift; sourceTree = "<group>"; };
		72B9768E2881E3D70048CC00 /* Assets.xcassets */ = {isa = PBXFileReference; lastKnownFileType = folder.assetcatalog; path = Assets.xcassets; sourceTree = "<group>"; };
		72B976912881E3D70048CC00 /* Preview Assets.xcassets */ = {isa = PBXFileReference; lastKnownFileType = folder.assetcatalog; path = "Preview Assets.xcassets"; sourceTree = "<group>"; };
		72B976972881E3D70048CC00 /* SwiftLesson01Tests.xctest */ = {isa = PBXFileReference; explicitFileType = wrapper.cfbundle; includeInIndex = 0; path = SwiftLesson01Tests.xctest; sourceTree = BUILT_PRODUCTS_DIR; };
		72B9769B2881E3D70048CC00 /* SwiftLesson01Tests.swift */ = {isa = PBXFileReference; lastKnownFileType = sourcecode.swift; path = SwiftLesson01Tests.swift; sourceTree = "<group>"; };
		72B976A12881E3D70048CC00 /* SwiftLesson01UITests.xctest */ = {isa = PBXFileReference; explicitFileType = wrapper.cfbundle; includeInIndex = 0; path = SwiftLesson01UITests.xctest; sourceTree = BUILT_PRODUCTS_DIR; };
		72B976A52881E3D70048CC00 /* SwiftLesson01UITests.swift */ = {isa = PBXFileReference; lastKnownFileType = sourcecode.swift; path = SwiftLesson01UITests.swift; sourceTree = "<group>"; };
		72B976A72881E3D70048CC00 /* SwiftLesson01UITestsLaunchTests.swift */ = {isa = PBXFileReference; lastKnownFileType = sourcecode.swift; path = SwiftLesson01UITestsLaunchTests.swift; sourceTree = "<group>"; };
/* End PBXFileReference section */

/* Begin PBXFrameworksBuildPhase section */
		72B976842881E3D10048CC00 /* Frameworks */ = {
			isa = PBXFrameworksBuildPhase;
			buildActionMask = 2147483647;
			files = (
			);
			runOnlyForDeploymentPostprocessing = 0;
		};
		72B976942881E3D70048CC00 /* Frameworks */ = {
			isa = PBXFrameworksBuildPhase;
			buildActionMask = 2147483647;
			files = (
			);
			runOnlyForDeploymentPostprocessing = 0;
		};
		72B9769E2881E3D70048CC00 /* Frameworks */ = {
			isa = PBXFrameworksBuildPhase;
			buildActionMask = 2147483647;
			files = (
			);
			runOnlyForDeploymentPostprocessing = 0;
		};
/* End PBXFrameworksBuildPhase section */

/* Begin PBXGroup section */
		72B9767E2881E3D10048CC00 = {
			isa = PBXGroup;
			children = (
				72B976892881E3D10048CC00 /* SwiftLesson01 */,
				72B9769A2881E3D70048CC00 /* SwiftLesson01Tests */,
				72B976A42881E3D70048CC00 /* SwiftLesson01UITests */,
				72B976882881E3D10048CC00 /* Products */,
			);
			sourceTree = "<group>";
		};
		72B976882881E3D10048CC00 /* Products */ = {
			isa = PBXGroup;
			children = (
				72B976872881E3D10048CC00 /* SwiftLesson01.app */,
				72B976972881E3D70048CC00 /* SwiftLesson01Tests.xctest */,
				72B976A12881E3D70048CC00 /* SwiftLesson01UITests.xctest */,
			);
			name = Products;
			sourceTree = "<group>";
		};
		72B976892881E3D10048CC00 /* SwiftLesson01 */ = {
			isa = PBXGroup;
			children = (
				72B9768A2881E3D10048CC00 /* SwiftLesson01App.swift */,
				72B9768C2881E3D10048CC00 /* ContentView.swift */,
				72B9768E2881E3D70048CC00 /* Assets.xcassets */,
				72B976902881E3D70048CC00 /* Preview Content */,
			);
			path = SwiftLesson01;
			sourceTree = "<group>";
		};
		72B976902881E3D70048CC00 /* Preview Content */ = {
			isa = PBXGroup;
			children = (
				72B976912881E3D70048CC00 /* Preview Assets.xcassets */,
			);
			path = "Preview Content";
			sourceTree = "<group>";
		};
		72B9769A2881E3D70048CC00 /* SwiftLesson01Tests */ = {
			isa = PBXGroup;
			children = (
				72B9769B2881E3D70048CC00 /* SwiftLesson01Tests.swift */,
			);
			path = SwiftLesson01Tests;
			sourceTree = "<group>";
		};
		72B976A42881E3D70048CC00 /* SwiftLesson01UITests */ = {
			isa = PBXGroup;
			children = (
				72B976A52881E3D70048CC00 /* SwiftLesson01UITests.swift */,
				72B976A72881E3D70048CC00 /* SwiftLesson01UITestsLaunchTests.swift */,
			);
			path = SwiftLesson01UITests;
			sourceTree = "<group>";
		};
/* End PBXGroup section */

/* Begin PBXNativeTarget section */
		72B976862881E3D10048CC00 /* SwiftLesson01 */ = {
			isa = PBXNativeTarget;
			buildConfigurationList = 72B976AB2881E3D70048CC00 /* Build configuration list for PBXNativeTarget "SwiftLesson01" */;
			buildPhases = (
				72B976832881E3D10048CC00 /* Sources */,
				72B976842881E3D10048CC00 /* Frameworks */,
				72B976852881E3D10048CC00 /* Resources */,
			);
			buildRules = (
			);
			dependencies = (
			);
			name = SwiftLesson01;
			productName = SwiftLesson01;
			productReference = 72B976872881E3D10048CC00 /* SwiftLesson01.app */;
			productType = "com.apple.product-type.application";
		};
		72B976962881E3D70048CC00 /* SwiftLesson01Tests */ = {
			isa = PBXNativeTarget;
			buildConfigurationList = 72B976AE2881E3D70048CC00 /* Build configuration list for PBXNativeTarget "SwiftLesson01Tests" */;
			buildPhases = (
				72B976932881E3D70048CC00 /* Sources */,
				72B976942881E3D70048CC00 /* Frameworks */,
				72B976952881E3D70048CC00 /* Resources */,
			);
			buildRules = (
			);
			dependencies = (
				72B976992881E3D70048CC00 /* PBXTargetDependency */,
			);
			name = SwiftLesson01Tests;
			productName = SwiftLesson01Tests;
			productReference = 72B976972881E3D70048CC00 /* SwiftLesson01Tests.xctest */;
			productType = "com.apple.product-type.bundle.unit-test";
		};
		72B976A02881E3D70048CC00 /* SwiftLesson01UITests */ = {
			isa = PBXNativeTarget;
			buildConfigurationList = 72B976B12881E3D70048CC00 /* Build configuration list for PBXNativeTarget "SwiftLesson01UITests" */;
			buildPhases = (
				72B9769D2881E3D70048CC00 /* Sources */,
				72B9769E2881E3D70048CC00 /* Frameworks */,
				72B9769F2881E3D70048CC00 /* Resources */,
			);
			buildRules = (
			);
			dependencies = (
				72B976A32881E3D70048CC00 /* PBXTargetDependency */,
			);
			name = SwiftLesson01UITests;
			productName = SwiftLesson01UITests;
			productReference = 72B976A12881E3D70048CC00 /* SwiftLesson01UITests.xctest */;
			productType = "com.apple.product-type.bundle.ui-testing";
		};
/* End PBXNativeTarget section */

/* Begin PBXProject section */
		72B9767F2881E3D10048CC00 /* Project object */ = {
			isa = PBXProject;
			attributes = {
				BuildIndependentTargetsInParallel = 1;
				LastSwiftUpdateCheck = 1320;
				LastUpgradeCheck = 1320;
				TargetAttributes = {
					72B976862881E3D10048CC00 = {
						CreatedOnToolsVersion = 13.2.1;
					};
					72B976962881E3D70048CC00 = {
						CreatedOnToolsVersion = 13.2.1;
						TestTargetID = 72B976862881E3D10048CC00;
					};
					72B976A02881E3D70048CC00 = {
						CreatedOnToolsVersion = 13.2.1;
						TestTargetID = 72B976862881E3D10048CC00;
					};
				};
			};
			buildConfigurationList = 72B976822881E3D10048CC00 /* Build configuration list for PBXProject "SwiftLesson01" */;
			compatibilityVersion = "Xcode 13.0";
			developmentRegion = en;
			hasScannedForEncodings = 0;
			knownRegions = (
				en,
				Base,
			);
			mainGroup = 72B9767E2881E3D10048CC00;
			productRefGroup = 72B976882881E3D10048CC00 /* Products */;
			projectDirPath = "";
			projectRoot = "";
			targets = (
				72B976862881E3D10048CC00 /* SwiftLesson01 */,
				72B976962881E3D70048CC00 /* SwiftLesson01Tests */,
				72B976A02881E3D70048CC00 /* SwiftLesson01UITests */,
			);
		};
/* End PBXProject section */

/* Begin PBXResourcesBuildPhase section */
		72B976852881E3D10048CC00 /* Resources */ = {
			isa = PBXResourcesBuildPhase;
			buildActionMask = 2147483647;
			files = (
				72B976922881E3D70048CC00 /* Preview Assets.xcassets in Resources */,
				72B9768F2881E3D70048CC00 /* Assets.xcassets in Resources */,
			);
			runOnlyForDeploymentPostprocessing = 0;
		};
		72B976952881E3D70048CC00 /* Resources */ = {
			isa = PBXResourcesBuildPhase;
			buildActionMask = 2147483647;
			files = (
			);
			runOnlyForDeploymentPostprocessing = 0;
		};
		72B9769F2881E3D70048CC00 /* Resources */ = {
			isa = PBXResourcesBuildPhase;
			buildActionMask = 2147483647;
			files = (
			);
			runOnlyForDeploymentPostprocessing = 0;
		};
/* End PBXResourcesBuildPhase section */

/* Begin PBXSourcesBuildPhase section */
		72B976832881E3D10048CC00 /* Sources */ = {
			isa = PBXSourcesBuildPhase;
			buildActionMask = 2147483647;
			files = (
				72B9768D2881E3D10048CC00 /* ContentView.swift in Sources */,
				72B9768B2881E3D10048CC00 /* SwiftLesson01App.swift in Sources */,
			);
			runOnlyForDeploymentPostprocessing = 0;
		};
		72B976932881E3D70048CC00 /* Sources */ = {
			isa = PBXSourcesBuildPhase;
			buildActionMask = 2147483647;
			files = (
				72B9769C2881E3D70048CC00 /* SwiftLesson01Tests.swift in Sources */,
			);
			runOnlyForDeploymentPostprocessing = 0;
		};
		72B9769D2881E3D70048CC00 /* Sources */ = {
			isa = PBXSourcesBuildPhase;
			buildActionMask = 2147483647;
			files = (
				72B976A62881E3D70048CC00 /* SwiftLesson01UITests.swift in Sources */,
				72B976A82881E3D70048CC00 /* SwiftLesson01UITestsLaunchTests.swift in Sources */,
			);
			runOnlyForDeploymentPostprocessing = 0;
		};
/* End PBXSourcesBuildPhase section */

/* Begin PBXTargetDependency section */
		72B976992881E3D70048CC00 /* PBXTargetDependency */ = {
			isa = PBXTargetDependency;
			target = 72B976862881E3D10048CC00 /* SwiftLesson01 */;
			targetProxy = 72B976982881E3D70048CC00 /* PBXContainerItemProxy */;
		};
		72B976A32881E3D70048CC00 /* PBXTargetDependency */ = {
			isa = PBXTargetDependency;
			target = 72B976862881E3D10048CC00 /* SwiftLesson01 */;
			targetProxy = 72B976A22881E3D70048CC00 /* PBXContainerItemProxy */;
		};
/* End PBXTargetDependency section */

/* Begin XCBuildConfiguration section */
		72B976A92881E3D70048CC00 /* Debug */ = {
			isa = XCBuildConfiguration;
			buildSettings = {
				ALWAYS_SEARCH_USER_PATHS = NO;
				CLANG_ANALYZER_NONNULL = YES;
				CLANG_ANALYZER_NUMBER_OBJECT_CONVERSION = YES_AGGRESSIVE;
				CLANG_CXX_LANGUAGE_STANDARD = "gnu++17";
				CLANG_CXX_LIBRARY = "libc++";
				CLANG_ENABLE_MODULES = YES;
				CLANG_ENABLE_OBJC_ARC = YES;
				CLANG_ENABLE_OBJC_WEAK = YES;
				CLANG_WARN_BLOCK_CAPTURE_AUTORELEASING = YES;
				CLANG_WARN_BOOL_CONVERSION = YES;
				CLANG_WARN_COMMA = YES;
				CLANG_WARN_CONSTANT_CONVERSION = YES;
				CLANG_WARN_DEPRECATED_OBJC_IMPLEMENTATIONS = YES;
				CLANG_WARN_DIRECT_OBJC_ISA_USAGE = YES_ERROR;
				CLANG_WARN_DOCUMENTATION_COMMENTS = YES;
				CLANG_WARN_EMPTY_BODY = YES;
				CLANG_WARN_ENUM_CONVERSION = YES;
				CLANG_WARN_INFINITE_RECURSION = YES;
				CLANG_WARN_INT_CONVERSION = YES;
				CLANG_WARN_NON_LITERAL_NULL_CONVERSION = YES;
				CLANG_WARN_OBJC_IMPLICIT_RETAIN_SELF = YES;
				CLANG_WARN_OBJC_LITERAL_CONVERSION = YES;
				CLANG_WARN_OBJC_ROOT_CLASS = YES_ERROR;
				CLANG_WARN_QUOTED_INCLUDE_IN_FRAMEWORK_HEADER = YES;
				CLANG_WARN_RANGE_LOOP_ANALYSIS = YES;
				CLANG_WARN_STRICT_PROTOTYPES = YES;
				CLANG_WARN_SUSPICIOUS_MOVE = YES;
				CLANG_WARN_UNGUARDED_AVAILABILITY = YES_AGGRESSIVE;
				CLANG_WARN_UNREACHABLE_CODE = YES;
				CLANG_WARN__DUPLICATE_METHOD_MATCH = YES;
				COPY_PHASE_STRIP = NO;
				DEBUG_INFORMATION_FORMAT = dwarf;
				ENABLE_STRICT_OBJC_MSGSEND = YES;
				ENABLE_TESTABILITY = YES;
				GCC_C_LANGUAGE_STANDARD = gnu11;
				GCC_DYNAMIC_NO_PIC = NO;
				GCC_NO_COMMON_BLOCKS = YES;
				GCC_OPTIMIZATION_LEVEL = 0;
				GCC_PREPROCESSOR_DEFINITIONS = (
					"DEBUG=1",
					"$(inherited)",
				);
				GCC_WARN_64_TO_32_BIT_CONVERSION = YES;
				GCC_WARN_ABOUT_RETURN_TYPE = YES_ERROR;
				GCC_WARN_UNDECLARED_SELECTOR = YES;
				GCC_WARN_UNINITIALIZED_AUTOS = YES_AGGRESSIVE;
				GCC_WARN_UNUSED_FUNCTION = YES;
				GCC_WARN_UNUSED_VARIABLE = YES;
				IPHONEOS_DEPLOYMENT_TARGET = 15.2;
				MTL_ENABLE_DEBUG_INFO = INCLUDE_SOURCE;
				MTL_FAST_MATH = YES;
				ONLY_ACTIVE_ARCH = YES;
				SDKROOT = iphoneos;
				SWIFT_ACTIVE_COMPILATION_CONDITIONS = DEBUG;
				SWIFT_OPTIMIZATION_LEVEL = "-Onone";
			};
			name = Debug;
		};
		72B976AA2881E3D70048CC00 /* Release */ = {
			isa = XCBuildConfiguration;
			buildSettings = {
				ALWAYS_SEARCH_USER_PATHS = NO;
				CLANG_ANALYZER_NONNULL = YES;
				CLANG_ANALYZER_NUMBER_OBJECT_CONVERSION = YES_AGGRESSIVE;
				CLANG_CXX_LANGUAGE_STANDARD = "gnu++17";
				CLANG_CXX_LIBRARY = "libc++";
				CLANG_ENABLE_MODULES = YES;
				CLANG_ENABLE_OBJC_ARC = YES;
				CLANG_ENABLE_OBJC_WEAK = YES;
				CLANG_WARN_BLOCK_CAPTURE_AUTORELEASING = YES;
				CLANG_WARN_BOOL_CONVERSION = YES;
				CLANG_WARN_COMMA = YES;
				CLANG_WARN_CONSTANT_CONVERSION = YES;
				CLANG_WARN_DEPRECATED_OBJC_IMPLEMENTATIONS = YES;
				CLANG_WARN_DIRECT_OBJC_ISA_USAGE = YES_ERROR;
				CLANG_WARN_DOCUMENTATION_COMMENTS = YES;
				CLANG_WARN_EMPTY_BODY = YES;
				CLANG_WARN_ENUM_CONVERSION = YES;
				CLANG_WARN_INFINITE_RECURSION = YES;
				CLANG_WARN_INT_CONVERSION = YES;
				CLANG_WARN_NON_LITERAL_NULL_CONVERSION = YES;
				CLANG_WARN_OBJC_IMPLICIT_RETAIN_SELF = YES;
				CLANG_WARN_OBJC_LITERAL_CONVERSION = YES;
				CLANG_WARN_OBJC_ROOT_CLASS = YES_ERROR;
				CLANG_WARN_QUOTED_INCLUDE_IN_FRAMEWORK_HEADER = YES;
				CLANG_WARN_RANGE_LOOP_ANALYSIS = YES;
				CLANG_WARN_STRICT_PROTOTYPES = YES;
				CLANG_WARN_SUSPICIOUS_MOVE = YES;
				CLANG_WARN_UNGUARDED_AVAILABILITY = YES_AGGRESSIVE;
				CLANG_WARN_UNREACHABLE_CODE = YES;
				CLANG_WARN__DUPLICATE_METHOD_MATCH = YES;
				COPY_PHASE_STRIP = NO;
				DEBUG_INFORMATION_FORMAT = "dwarf-with-dsym";
				ENABLE_NS_ASSERTIONS = NO;
				ENABLE_STRICT_OBJC_MSGSEND = YES;
				GCC_C_LANGUAGE_STANDARD = gnu11;
				GCC_NO_COMMON_BLOCKS = YES;
				GCC_WARN_64_TO_32_BIT_CONVERSION = YES;
				GCC_WARN_ABOUT_RETURN_TYPE = YES_ERROR;
				GCC_WARN_UNDECLARED_SELECTOR = YES;
				GCC_WARN_UNINITIALIZED_AUTOS = YES_AGGRESSIVE;
				GCC_WARN_UNUSED_FUNCTION = YES;
				GCC_WARN_UNUSED_VARIABLE = YES;
				IPHONEOS_DEPLOYMENT_TARGET = 15.2;
				MTL_ENABLE_DEBUG_INFO = NO;
				MTL_FAST_MATH = YES;
				SDKROOT = iphoneos;
				SWIFT_COMPILATION_MODE = wholemodule;
				SWIFT_OPTIMIZATION_LEVEL = "-O";
				VALIDATE_PRODUCT = YES;
			};
			name = Release;
		};
		72B976AC2881E3D70048CC00 /* Debug */ = {
			isa = XCBuildConfiguration;
			buildSettings = {
				ASSETCATALOG_COMPILER_APPICON_NAME = AppIcon;
				ASSETCATALOG_COMPILER_GLOBAL_ACCENT_COLOR_NAME = AccentColor;
				CODE_SIGN_STYLE = Automatic;
				CURRENT_PROJECT_VERSION = 1;
				DEVELOPMENT_ASSET_PATHS = "\"SwiftLesson01/Preview Content\"";
				ENABLE_PREVIEWS = YES;
				GENERATE_INFOPLIST_FILE = YES;
				INFOPLIST_KEY_UIApplicationSceneManifest_Generation = YES;
				INFOPLIST_KEY_UIApplicationSupportsIndirectInputEvents = YES;
				INFOPLIST_KEY_UILaunchScreen_Generation = YES;
				INFOPLIST_KEY_UISupportedInterfaceOrientations_iPad = "UIInterfaceOrientationPortrait UIInterfaceOrientationPortraitUpsideDown UIInterfaceOrientationLandscapeLeft UIInterfaceOrientationLandscapeRight";
				INFOPLIST_KEY_UISupportedInterfaceOrientations_iPhone = "UIInterfaceOrientationPortrait UIInterfaceOrientationLandscapeLeft UIInterfaceOrientationLandscapeRight";
				LD_RUNPATH_SEARCH_PATHS = (
					"$(inherited)",
					"@executable_path/Frameworks",
				);
				MARKETING_VERSION = 1.0;
				PRODUCT_BUNDLE_IDENTIFIER = "Lupus-Codes.SwiftLesson01";
				PRODUCT_NAME = "$(TARGET_NAME)";
				SWIFT_EMIT_LOC_STRINGS = YES;
				SWIFT_VERSION = 5.0;
				TARGETED_DEVICE_FAMILY = "1,2";
			};
			name = Debug;
		};
		72B976AD2881E3D70048CC00 /* Release */ = {
			isa = XCBuildConfiguration;
			buildSettings = {
				ASSETCATALOG_COMPILER_APPICON_NAME = AppIcon;
				ASSETCATALOG_COMPILER_GLOBAL_ACCENT_COLOR_NAME = AccentColor;
				CODE_SIGN_STYLE = Automatic;
				CURRENT_PROJECT_VERSION = 1;
				DEVELOPMENT_ASSET_PATHS = "\"SwiftLesson01/Preview Content\"";
				ENABLE_PREVIEWS = YES;
				GENERATE_INFOPLIST_FILE = YES;
				INFOPLIST_KEY_UIApplicationSceneManifest_Generation = YES;
				INFOPLIST_KEY_UIApplicationSupportsIndirectInputEvents = YES;
				INFOPLIST_KEY_UILaunchScreen_Generation = YES;
				INFOPLIST_KEY_UISupportedInterfaceOrientations_iPad = "UIInterfaceOrientationPortrait UIInterfaceOrientationPortraitUpsideDown UIInterfaceOrientationLandscapeLeft UIInterfaceOrientationLandscapeRight";
				INFOPLIST_KEY_UISupportedInterfaceOrientations_iPhone = "UIInterfaceOrientationPortrait UIInterfaceOrientationLandscapeLeft UIInterfaceOrientationLandscapeRight";
				LD_RUNPATH_SEARCH_PATHS = (
					"$(inherited)",
					"@executable_path/Frameworks",
				);
				MARKETING_VERSION = 1.0;
				PRODUCT_BUNDLE_IDENTIFIER = "Lupus-Codes.SwiftLesson01";
				PRODUCT_NAME = "$(TARGET_NAME)";
				SWIFT_EMIT_LOC_STRINGS = YES;
				SWIFT_VERSION = 5.0;
				TARGETED_DEVICE_FAMILY = "1,2";
			};
			name = Release;
		};
		72B976AF2881E3D70048CC00 /* Debug */ = {
			isa = XCBuildConfiguration;
			buildSettings = {
				ALWAYS_EMBED_SWIFT_STANDARD_LIBRARIES = YES;
				BUNDLE_LOADER = "$(TEST_HOST)";
				CODE_SIGN_STYLE = Automatic;
				CURRENT_PROJECT_VERSION = 1;
				GENERATE_INFOPLIST_FILE = YES;
				IPHONEOS_DEPLOYMENT_TARGET = 15.2;
				MARKETING_VERSION = 1.0;
				PRODUCT_BUNDLE_IDENTIFIER = "Lupus-Codes.SwiftLesson01Tests";
				PRODUCT_NAME = "$(TARGET_NAME)";
				SWIFT_EMIT_LOC_STRINGS = NO;
				SWIFT_VERSION = 5.0;
				TARGETED_DEVICE_FAMILY = "1,2";
				TEST_HOST = "$(BUILT_PRODUCTS_DIR)/SwiftLesson01.app/SwiftLesson01";
			};
			name = Debug;
		};
		72B976B02881E3D70048CC00 /* Release */ = {
			isa = XCBuildConfiguration;
			buildSettings = {
				ALWAYS_EMBED_SWIFT_STANDARD_LIBRARIES = YES;
				BUNDLE_LOADER = "$(TEST_HOST)";
				CODE_SIGN_STYLE = Automatic;
				CURRENT_PROJECT_VERSION = 1;
				GENERATE_INFOPLIST_FILE = YES;
				IPHONEOS_DEPLOYMENT_TARGET = 15.2;
				MARKETING_VERSION = 1.0;
				PRODUCT_BUNDLE_IDENTIFIER = "Lupus-Codes.SwiftLesson01Tests";
				PRODUCT_NAME = "$(TARGET_NAME)";
				SWIFT_EMIT_LOC_STRINGS = NO;
				SWIFT_VERSION = 5.0;
				TARGETED_DEVICE_FAMILY = "1,2";
				TEST_HOST = "$(BUILT_PRODUCTS_DIR)/SwiftLesson01.app/SwiftLesson01";
			};
			name = Release;
		};
		72B976B22881E3D70048CC00 /* Debug */ = {
			isa = XCBuildConfiguration;
			buildSettings = {
				ALWAYS_EMBED_SWIFT_STANDARD_LIBRARIES = YES;
				CODE_SIGN_STYLE = Automatic;
				CURRENT_PROJECT_VERSION = 1;
				GENERATE_INFOPLIST_FILE = YES;
				MARKETING_VERSION = 1.0;
				PRODUCT_BUNDLE_IDENTIFIER = "Lupus-Codes.SwiftLesson01UITests";
				PRODUCT_NAME = "$(TARGET_NAME)";
				SWIFT_EMIT_LOC_STRINGS = NO;
				SWIFT_VERSION = 5.0;
				TARGETED_DEVICE_FAMILY = "1,2";
				TEST_TARGET_NAME = SwiftLesson01;
			};
			name = Debug;
		};
		72B976B32881E3D70048CC00 /* Release */ = {
			isa = XCBuildConfiguration;
			buildSettings = {
				ALWAYS_EMBED_SWIFT_STANDARD_LIBRARIES = YES;
				CODE_SIGN_STYLE = Automatic;
				CURRENT_PROJECT_VERSION = 1;
				GENERATE_INFOPLIST_FILE = YES;
				MARKETING_VERSION = 1.0;
				PRODUCT_BUNDLE_IDENTIFIER = "Lupus-Codes.SwiftLesson01UITests";
				PRODUCT_NAME = "$(TARGET_NAME)";
				SWIFT_EMIT_LOC_STRINGS = NO;
				SWIFT_VERSION = 5.0;
				TARGETED_DEVICE_FAMILY = "1,2";
				TEST_TARGET_NAME = SwiftLesson01;
			};
			name = Release;
		};
/* End XCBuildConfiguration section */

/* Begin XCConfigurationList section */
		72B976822881E3D10048CC00 /* Build configuration list for PBXProject "SwiftLesson01" */ = {
			isa = XCConfigurationList;
			buildConfigurations = (
				72B976A92881E3D70048CC00 /* Debug */,
				72B976AA2881E3D70048CC00 /* Release */,
			);
			defaultConfigurationIsVisible = 0;
			defaultConfigurationName = Release;
		};
		72B976AB2881E3D70048CC00 /* Build configuration list for PBXNativeTarget "SwiftLesson01" */ = {
			isa = XCConfigurationList;
			buildConfigurations = (
				72B976AC2881E3D70048CC00 /* Debug */,
				72B976AD2881E3D70048CC00 /* Release */,
			);
			defaultConfigurationIsVisible = 0;
			defaultConfigurationName = Release;
		};
		72B976AE2881E3D70048CC00 /* Build configuration list for PBXNativeTarget "SwiftLesson01Tests" */ = {
			isa = XCConfigurationList;
			buildConfigurations = (
				72B976AF2881E3D70048CC00 /* Debug */,
				72B976B02881E3D70048CC00 /* Release */,
			);
			defaultConfigurationIsVisible = 0;
			defaultConfigurationName = Release;
		};
		72B976B12881E3D70048CC00 /* Build configuration list for PBXNativeTarget "SwiftLesson01UITests" */ = {
			isa = XCConfigurationList;
			buildConfigurations = (
				72B976B22881E3D70048CC00 /* Debug */,
				72B976B32881E3D70048CC00 /* Release */,
			);
			defaultConfigurationIsVisible = 0;
			defaultConfigurationName = Release;
		};
/* End XCConfigurationList section */
	};
	rootObject = 72B9767F2881E3D10048CC00 /* Project object */;
}
